
Microsoft Visual Studio Solution File, Format Version 12.00
# Visual Studio Version 17
VisualStudioVersion = 17.5.002.0
MinimumVisualStudioVersion = 10.0.40219.1
Project("{9A19103F-16F7-4668-BE54-9A1E7A4F7556}") = "csh-dynamic-hello", "csh-dynamic-hello.csproj", "{4C0DF5AD-1753-4249-9B06-46E4E3A891FF}"
EndProject
Global
	GlobalSection(SolutionConfigurationPlatforms) = preSolution
		Debug|Any CPU = Debug|Any CPU
		Release|Any CPU = Release|Any CPU
	EndGlobalSection
	GlobalSection(ProjectConfigurationPlatforms) = postSolution
		{4C0DF5AD-1753-4249-9B06-46E4E3A891FF}.Debug|Any CPU.ActiveCfg = Debug|Any CPU
		{4C0DF5AD-1753-4249-9B06-46E4E3A891FF}.Debug|Any CPU.Build.0 = Debug|Any CPU
		{4C0DF5AD-1753-4249-9B06-46E4E3A891FF}.Release|Any CPU.ActiveCfg = Release|Any CPU
		{4C0DF5AD-1753-4249-9B06-46E4E3A891FF}.Release|Any CPU.Build.0 = Release|Any CPU
	EndGlobalSection
	GlobalSection(SolutionProperties) = preSolution
		HideSolutionNode = FALSE
	EndGlobalSection
	GlobalSection(ExtensibilityGlobals) = postSolution
		SolutionGuid = {54758B0D-ADFC-4D53-8933-10E848E34819}
	EndGlobalSection
EndGlobal
